
Microsoft Visual Studio Solution File, Format Version 12.00
# Visual Studio Version 17
VisualStudioVersion = 17.8.34112.27
MinimumVisualStudioVersion = 10.0.40219.1
Project("{FAE04EC0-301F-11D3-BF4B-00C04F79EFBC}") = "ConsoleApp1", "ConsoleApp1.csproj", "{55425FD3-C90A-4FB3-B9CF-016E98644BB4}"
EndProject
Project("{FAE04EC0-301F-11D3-BF4B-00C04F79EFBC}") = "List", "..\List\List.csproj", "{23FB8D17-03C9-4E8E-844A-0A25E31F39E7}"
EndProject
Global
	GlobalSection(SolutionConfigurationPlatforms) = preSolution
		Debug|Any CPU = Debug|Any CPU
		Release|Any CPU = Release|Any CPU
	EndGlobalSection
	GlobalSection(ProjectConfigurationPlatforms) = postSolution
		{55425FD3-C90A-4FB3-B9CF-016E98644BB4}.Debug|Any CPU.ActiveCfg = Debug|Any CPU
		{55425FD3-C90A-4FB3-B9CF-016E98644BB4}.Debug|Any CPU.Build.0 = Debug|Any CPU
		{55425FD3-C90A-4FB3-B9CF-016E98644BB4}.Release|Any CPU.ActiveCfg = Release|Any CPU
		{55425FD3-C90A-4FB3-B9CF-016E98644BB4}.Release|Any CPU.Build.0 = Release|Any CPU
		{23FB8D17-03C9-4E8E-844A-0A25E31F39E7}.Debug|Any CPU.ActiveCfg = Debug|Any CPU
		{23FB8D17-03C9-4E8E-844A-0A25E31F39E7}.Debug|Any CPU.Build.0 = Debug|Any CPU
		{23FB8D17-03C9-4E8E-844A-0A25E31F39E7}.Release|Any CPU.ActiveCfg = Release|Any CPU
		{23FB8D17-03C9-4E8E-844A-0A25E31F39E7}.Release|Any CPU.Build.0 = Release|Any CPU
	EndGlobalSection
	GlobalSection(SolutionProperties) = preSolution
		HideSolutionNode = FALSE
	EndGlobalSection
	GlobalSection(ExtensibilityGlobals) = postSolution
		SolutionGuid = {6A11AEA7-FD46-430B-8096-116E18AE4DBC}
	EndGlobalSection
EndGlobal
